// !$*UTF8*$!
{
	archiveVersion = 1;
	classes = {
	};
	objectVersion = 55;
	objects = {

/* Begin PBXBuildFile section */
		BDA288DA27BAC7C50019FA11 /* AppDelegate.swift in Sources */ = {isa = PBXBuildFile; fileRef = BDA288D927BAC7C50019FA11 /* AppDelegate.swift */; };
		BDA288DC27BAC7C50019FA11 /* SceneDelegate.swift in Sources */ = {isa = PBXBuildFile; fileRef = BDA288DB27BAC7C50019FA11 /* SceneDelegate.swift */; };
		BDA288DE27BAC7C50019FA11 /* ViewController.swift in Sources */ = {isa = PBXBuildFile; fileRef = BDA288DD27BAC7C50019FA11 /* ViewController.swift */; };
		BDA288E127BAC7C50019FA11 /* Main.storyboard in Resources */ = {isa = PBXBuildFile; fileRef = BDA288DF27BAC7C50019FA11 /* Main.storyboard */; };
		BDA288E327BAC7C70019FA11 /* Assets.xcassets in Resources */ = {isa = PBXBuildFile; fileRef = BDA288E227BAC7C70019FA11 /* Assets.xcassets */; };
		BDA288E627BAC7C70019FA11 /* LaunchScreen.storyboard in Resources */ = {isa = PBXBuildFile; fileRef = BDA288E427BAC7C70019FA11 /* LaunchScreen.storyboard */; };
		C02C069A4004BB90EF00D861 /* Pods_LunarCalendar.framework in Frameworks */ = {isa = PBXBuildFile; fileRef = 01857EA0B60D14A084BB670E /* Pods_LunarCalendar.framework */; };
/* End PBXBuildFile section */

/* Begin PBXFileReference section */
		01857EA0B60D14A084BB670E /* Pods_LunarCalendar.framework */ = {isa = PBXFileReference; explicitFileType = wrapper.framework; includeInIndex = 0; path = Pods_LunarCalendar.framework; sourceTree = BUILT_PRODUCTS_DIR; };
		BDA288D627BAC7C50019FA11 /* LunarCalendar.app */ = {isa = PBXFileReference; explicitFileType = wrapper.application; includeInIndex = 0; path = LunarCalendar.app; sourceTree = BUILT_PRODUCTS_DIR; };
		BDA288D927BAC7C50019FA11 /* AppDelegate.swift */ = {isa = PBXFileReference; lastKnownFileType = sourcecode.swift; path = AppDelegate.swift; sourceTree = "<group>"; };
		BDA288DB27BAC7C50019FA11 /* SceneDelegate.swift */ = {isa = PBXFileReference; lastKnownFileType = sourcecode.swift; path = SceneDelegate.swift; sourceTree = "<group>"; };
		BDA288DD27BAC7C50019FA11 /* ViewController.swift */ = {isa = PBXFileReference; lastKnownFileType = sourcecode.swift; path = ViewController.swift; sourceTree = "<group>"; };
		BDA288E027BAC7C50019FA11 /* Base */ = {isa = PBXFileReference; lastKnownFileType = file.storyboard; name = Base; path = Base.lproj/Main.storyboard; sourceTree = "<group>"; };
		BDA288E227BAC7C70019FA11 /* Assets.xcassets */ = {isa = PBXFileReference; lastKnownFileType = folder.assetcatalog; path = Assets.xcassets; sourceTree = "<group>"; };
		BDA288E527BAC7C70019FA11 /* Base */ = {isa = PBXFileReference; lastKnownFileType = file.storyboard; name = Base; path = Base.lproj/LaunchScreen.storyboard; sourceTree = "<group>"; };
		BDA288E727BAC7C70019FA11 /* Info.plist */ = {isa = PBXFileReference; lastKnownFileType = text.plist.xml; path = Info.plist; sourceTree = "<group>"; };
		C42A9CE931C5BA4BBBC0DBF3 /* Pods-LunarCalendar.release.xcconfig */ = {isa = PBXFileReference; includeInIndex = 1; lastKnownFileType = text.xcconfig; name = "Pods-LunarCalendar.release.xcconfig"; path = "Target Support Files/Pods-LunarCalendar/Pods-LunarCalendar.release.xcconfig"; sourceTree = "<group>"; };
		DB46ECED83240FF82766C1FF /* Pods-LunarCalendar.debug.xcconfig */ = {isa = PBXFileReference; includeInIndex = 1; lastKnownFileType = text.xcconfig; name = "Pods-LunarCalendar.debug.xcconfig"; path = "Target Support Files/Pods-LunarCalendar/Pods-LunarCalendar.debug.xcconfig"; sourceTree = "<group>"; };
/* End PBXFileReference section */

/* Begin PBXFrameworksBuildPhase section */
		BDA288D327BAC7C50019FA11 /* Frameworks */ = {
			isa = PBXFrameworksBuildPhase;
			buildActionMask = 2147483647;
			files = (
				C02C069A4004BB90EF00D861 /* Pods_LunarCalendar.framework in Frameworks */,
			);
			runOnlyForDeploymentPostprocessing = 0;
		};
/* End PBXFrameworksBuildPhase section */

/* Begin PBXGroup section */
		B91DE4366CA74AF9EDBD66E0 /* Pods */ = {
			isa = PBXGroup;
			children = (
				DB46ECED83240FF82766C1FF /* Pods-LunarCalendar.debug.xcconfig */,
				C42A9CE931C5BA4BBBC0DBF3 /* Pods-LunarCalendar.release.xcconfig */,
			);
			path = Pods;
			sourceTree = "<group>";
		};
		BDA288CD27BAC7C50019FA11 = {
			isa = PBXGroup;
			children = (
				BDA288D827BAC7C50019FA11 /* LunarCalendar */,
				BDA288D727BAC7C50019FA11 /* Products */,
				B91DE4366CA74AF9EDBD66E0 /* Pods */,
				D0DAE90246467F37655C4A75 /* Frameworks */,
			);
			sourceTree = "<group>";
		};
		BDA288D727BAC7C50019FA11 /* Products */ = {
			isa = PBXGroup;
			children = (
				BDA288D627BAC7C50019FA11 /* LunarCalendar.app */,
			);
			name = Products;
			sourceTree = "<group>";
		};
		BDA288D827BAC7C50019FA11 /* LunarCalendar */ = {
			isa = PBXGroup;
			children = (
				BDA288D927BAC7C50019FA11 /* AppDelegate.swift */,
				BDA288DB27BAC7C50019FA11 /* SceneDelegate.swift */,
				BDA288DD27BAC7C50019FA11 /* ViewController.swift */,
				BDA288DF27BAC7C50019FA11 /* Main.storyboard */,
				BDA288E227BAC7C70019FA11 /* Assets.xcassets */,
				BDA288E427BAC7C70019FA11 /* LaunchScreen.storyboard */,
				BDA288E727BAC7C70019FA11 /* Info.plist */,
			);
			path = LunarCalendar;
			sourceTree = "<group>";
		};
		D0DAE90246467F37655C4A75 /* Frameworks */ = {
			isa = PBXGroup;
			children = (
				01857EA0B60D14A084BB670E /* Pods_LunarCalendar.framework */,
			);
			name = Frameworks;
			sourceTree = "<group>";
		};
/* End PBXGroup section */

/* Begin PBXNativeTarget section */
		BDA288D527BAC7C50019FA11 /* LunarCalendar */ = {
			isa = PBXNativeTarget;
			buildConfigurationList = BDA288EA27BAC7C70019FA11 /* Build configuration list for PBXNativeTarget "LunarCalendar" */;
			buildPhases = (
				46CF5ACAAF0FF8DC1FF6FD8F /* [CP] Check Pods Manifest.lock */,
				BDA288D227BAC7C50019FA11 /* Sources */,
				BDA288D327BAC7C50019FA11 /* Frameworks */,
				BDA288D427BAC7C50019FA11 /* Resources */,
				1FFFD93650B4A46305244AA1 /* [CP] Embed Pods Frameworks */,
			);
			buildRules = (
			);
			dependencies = (
			);
			name = LunarCalendar;
			productName = LunarCalendar;
			productReference = BDA288D627BAC7C50019FA11 /* LunarCalendar.app */;
			productType = "com.apple.product-type.application";
		};
/* End PBXNativeTarget section */

/* Begin PBXProject section */
		BDA288CE27BAC7C50019FA11 /* Project object */ = {
			isa = PBXProject;
			attributes = {
				BuildIndependentTargetsInParallel = 1;
				LastSwiftUpdateCheck = 1320;
				LastUpgradeCheck = 1320;
				TargetAttributes = {
					BDA288D527BAC7C50019FA11 = {
						CreatedOnToolsVersion = 13.2.1;
					};
				};
			};
			buildConfigurationList = BDA288D127BAC7C50019FA11 /* Build configuration list for PBXProject "LunarCalendar" */;
			compatibilityVersion = "Xcode 13.0";
			developmentRegion = en;
			hasScannedForEncodings = 0;
			knownRegions = (
				en,
				Base,
			);
			mainGroup = BDA288CD27BAC7C50019FA11;
			productRefGroup = BDA288D727BAC7C50019FA11 /* Products */;
			projectDirPath = "";
			projectRoot = "";
			targets = (
				BDA288D527BAC7C50019FA11 /* LunarCalendar */,
			);
		};
/* End PBXProject section */

/* Begin PBXResourcesBuildPhase section */
		BDA288D427BAC7C50019FA11 /* Resources */ = {
			isa = PBXResourcesBuildPhase;
			buildActionMask = 2147483647;
			files = (
				BDA288E627BAC7C70019FA11 /* LaunchScreen.storyboard in Resources */,
				BDA288E327BAC7C70019FA11 /* Assets.xcassets in Resources */,
				BDA288E127BAC7C50019FA11 /* Main.storyboard in Resources */,
			);
			runOnlyForDeploymentPostprocessing = 0;
		};
/* End PBXResourcesBuildPhase section */

/* Begin PBXShellScriptBuildPhase section */
		1FFFD93650B4A46305244AA1 /* [CP] Embed Pods Frameworks */ = {
			isa = PBXShellScriptBuildPhase;
			buildActionMask = 2147483647;
			files = (
			);
			inputFileListPaths = (
				"${PODS_ROOT}/Target Support Files/Pods-LunarCalendar/Pods-LunarCalendar-frameworks-${CONFIGURATION}-input-files.xcfilelist",
			);
			name = "[CP] Embed Pods Frameworks";
			outputFileListPaths = (
				"${PODS_ROOT}/Target Support Files/Pods-LunarCalendar/Pods-LunarCalendar-frameworks-${CONFIGURATION}-output-files.xcfilelist",
			);
			runOnlyForDeploymentPostprocessing = 0;
			shellPath = /bin/sh;
			shellScript = "\"${PODS_ROOT}/Target Support Files/Pods-LunarCalendar/Pods-LunarCalendar-frameworks.sh\"\n";
			showEnvVarsInLog = 0;
		};
		46CF5ACAAF0FF8DC1FF6FD8F /* [CP] Check Pods Manifest.lock */ = {
			isa = PBXShellScriptBuildPhase;
			buildActionMask = 2147483647;
			files = (
			);
			inputFileListPaths = (
			);
			inputPaths = (
				"${PODS_PODFILE_DIR_PATH}/Podfile.lock",
				"${PODS_ROOT}/Manifest.lock",
			);
			name = "[CP] Check Pods Manifest.lock";
			outputFileListPaths = (
			);
			outputPaths = (
				"$(DERIVED_FILE_DIR)/Pods-LunarCalendar-checkManifestLockResult.txt",
			);
			runOnlyForDeploymentPostprocessing = 0;
			shellPath = /bin/sh;
			shellScript = "diff \"${PODS_PODFILE_DIR_PATH}/Podfile.lock\" \"${PODS_ROOT}/Manifest.lock\" > /dev/null\nif [ $? != 0 ] ; then\n    # print error to STDERR\n    echo \"error: The sandbox is not in sync with the Podfile.lock. Run 'pod install' or update your CocoaPods installation.\" >&2\n    exit 1\nfi\n# This output is used by Xcode 'outputs' to avoid re-running this script phase.\necho \"SUCCESS\" > \"${SCRIPT_OUTPUT_FILE_0}\"\n";
			showEnvVarsInLog = 0;
		};
/* End PBXShellScriptBuildPhase section */

/* Begin PBXSourcesBuildPhase section */
		BDA288D227BAC7C50019FA11 /* Sources */ = {
			isa = PBXSourcesBuildPhase;
			buildActionMask = 2147483647;
			files = (
				BDA288DE27BAC7C50019FA11 /* ViewController.swift in Sources */,
				BDA288DA27BAC7C50019FA11 /* AppDelegate.swift in Sources */,
				BDA288DC27BAC7C50019FA11 /* SceneDelegate.swift in Sources */,
			);
			runOnlyForDeploymentPostprocessing = 0;
		};
/* End PBXSourcesBuildPhase section */

/* Begin PBXVariantGroup section */
		BDA288DF27BAC7C50019FA11 /* Main.storyboard */ = {
			isa = PBXVariantGroup;
			children = (
				BDA288E027BAC7C50019FA11 /* Base */,
			);
			name = Main.storyboard;
			sourceTree = "<group>";
		};
		BDA288E427BAC7C70019FA11 /* LaunchScreen.storyboard */ = {
			isa = PBXVariantGroup;
			children = (
				BDA288E527BAC7C70019FA11 /* Base */,
			);
			name = LaunchScreen.storyboard;
			sourceTree = "<group>";
		};
/* End PBXVariantGroup section */

/* Begin XCBuildConfiguration section */
		BDA288E827BAC7C70019FA11 /* Debug */ = {
			isa = XCBuildConfiguration;
			buildSettings = {
				ALWAYS_SEARCH_USER_PATHS = NO;
				CLANG_ANALYZER_NONNULL = YES;
				CLANG_ANALYZER_NUMBER_OBJECT_CONVERSION = YES_AGGRESSIVE;
				CLANG_CXX_LANGUAGE_STANDARD = "gnu++17";
				CLANG_CXX_LIBRARY = "libc++";
				CLANG_ENABLE_MODULES = YES;
				CLANG_ENABLE_OBJC_ARC = YES;
				CLANG_ENABLE_OBJC_WEAK = YES;
				CLANG_WARN_BLOCK_CAPTURE_AUTORELEASING = YES;
				CLANG_WARN_BOOL_CONVERSION = YES;
				CLANG_WARN_COMMA = YES;
				CLANG_WARN_CONSTANT_CONVERSION = YES;
				CLANG_WARN_DEPRECATED_OBJC_IMPLEMENTATIONS = YES;
				CLANG_WARN_DIRECT_OBJC_ISA_USAGE = YES_ERROR;
				CLANG_WARN_DOCUMENTATION_COMMENTS = YES;
				CLANG_WARN_EMPTY_BODY = YES;
				CLANG_WARN_ENUM_CONVERSION = YES;
				CLANG_WARN_INFINITE_RECURSION = YES;
				CLANG_WARN_INT_CONVERSION = YES;
				CLANG_WARN_NON_LITERAL_NULL_CONVERSION = YES;
				CLANG_WARN_OBJC_IMPLICIT_RETAIN_SELF = YES;
				CLANG_WARN_OBJC_LITERAL_CONVERSION = YES;
				CLANG_WARN_OBJC_ROOT_CLASS = YES_ERROR;
				CLANG_WARN_QUOTED_INCLUDE_IN_FRAMEWORK_HEADER = YES;
				CLANG_WARN_RANGE_LOOP_ANALYSIS = YES;
				CLANG_WARN_STRICT_PROTOTYPES = YES;
				CLANG_WARN_SUSPICIOUS_MOVE = YES;
				CLANG_WARN_UNGUARDED_AVAILABILITY = YES_AGGRESSIVE;
				CLANG_WARN_UNREACHABLE_CODE = YES;
				CLANG_WARN__DUPLICATE_METHOD_MATCH = YES;
				COPY_PHASE_STRIP = NO;
				DEBUG_INFORMATION_FORMAT = dwarf;
				ENABLE_STRICT_OBJC_MSGSEND = YES;
				ENABLE_TESTABILITY = YES;
				GCC_C_LANGUAGE_STANDARD = gnu11;
				GCC_DYNAMIC_NO_PIC = NO;
				GCC_NO_COMMON_BLOCKS = YES;
				GCC_OPTIMIZATION_LEVEL = 0;
				GCC_PREPROCESSOR_DEFINITIONS = (
					"DEBUG=1",
					"$(inherited)",
				);
				GCC_WARN_64_TO_32_BIT_CONVERSION = YES;
				GCC_WARN_ABOUT_RETURN_TYPE = YES_ERROR;
				GCC_WARN_UNDECLARED_SELECTOR = YES;
				GCC_WARN_UNINITIALIZED_AUTOS = YES_AGGRESSIVE;
				GCC_WARN_UNUSED_FUNCTION = YES;
				GCC_WARN_UNUSED_VARIABLE = YES;
				IPHONEOS_DEPLOYMENT_TARGET = 15.2;
				MTL_ENABLE_DEBUG_INFO = INCLUDE_SOURCE;
				MTL_FAST_MATH = YES;
				ONLY_ACTIVE_ARCH = YES;
				SDKROOT = iphoneos;
				SWIFT_ACTIVE_COMPILATION_CONDITIONS = DEBUG;
				SWIFT_OPTIMIZATION_LEVEL = "-Onone";
			};
			name = Debug;
		};
		BDA288E927BAC7C70019FA11 /* Release */ = {
			isa = XCBuildConfiguration;
			buildSettings = {
				ALWAYS_SEARCH_USER_PATHS = NO;
				CLANG_ANALYZER_NONNULL = YES;
				CLANG_ANALYZER_NUMBER_OBJECT_CONVERSION = YES_AGGRESSIVE;
				CLANG_CXX_LANGUAGE_STANDARD = "gnu++17";
				CLANG_CXX_LIBRARY = "libc++";
				CLANG_ENABLE_MODULES = YES;
				CLANG_ENABLE_OBJC_ARC = YES;
				CLANG_ENABLE_OBJC_WEAK = YES;
				CLANG_WARN_BLOCK_CAPTURE_AUTORELEASING = YES;
				CLANG_WARN_BOOL_CONVERSION = YES;
				CLANG_WARN_COMMA = YES;
				CLANG_WARN_CONSTANT_CONVERSION = YES;
				CLANG_WARN_DEPRECATED_OBJC_IMPLEMENTATIONS = YES;
				CLANG_WARN_DIRECT_OBJC_ISA_USAGE = YES_ERROR;
				CLANG_WARN_DOCUMENTATION_COMMENTS = YES;
				CLANG_WARN_EMPTY_BODY = YES;
				CLANG_WARN_ENUM_CONVERSION = YES;
				CLANG_WARN_INFINITE_RECURSION = YES;
				CLANG_WARN_INT_CONVERSION = YES;
				CLANG_WARN_NON_LITERAL_NULL_CONVERSION = YES;
				CLANG_WARN_OBJC_IMPLICIT_RETAIN_SELF = YES;
				CLANG_WARN_OBJC_LITERAL_CONVERSION = YES;
				CLANG_WARN_OBJC_ROOT_CLASS = YES_ERROR;
				CLANG_WARN_QUOTED_INCLUDE_IN_FRAMEWORK_HEADER = YES;
				CLANG_WARN_RANGE_LOOP_ANALYSIS = YES;
				CLANG_WARN_STRICT_PROTOTYPES = YES;
				CLANG_WARN_SUSPICIOUS_MOVE = YES;
				CLANG_WARN_UNGUARDED_AVAILABILITY = YES_AGGRESSIVE;
				CLANG_WARN_UNREACHABLE_CODE = YES;
				CLANG_WARN__DUPLICATE_METHOD_MATCH = YES;
				COPY_PHASE_STRIP = NO;
				DEBUG_INFORMATION_FORMAT = "dwarf-with-dsym";
				ENABLE_NS_ASSERTIONS = NO;
				ENABLE_STRICT_OBJC_MSGSEND = YES;
				GCC_C_LANGUAGE_STANDARD = gnu11;
				GCC_NO_COMMON_BLOCKS = YES;
				GCC_WARN_64_TO_32_BIT_CONVERSION = YES;
				GCC_WARN_ABOUT_RETURN_TYPE = YES_ERROR;
				GCC_WARN_UNDECLARED_SELECTOR = YES;
				GCC_WARN_UNINITIALIZED_AUTOS = YES_AGGRESSIVE;
				GCC_WARN_UNUSED_FUNCTION = YES;
				GCC_WARN_UNUSED_VARIABLE = YES;
				IPHONEOS_DEPLOYMENT_TARGET = 15.2;
				MTL_ENABLE_DEBUG_INFO = NO;
				MTL_FAST_MATH = YES;
				SDKROOT = iphoneos;
				SWIFT_COMPILATION_MODE = wholemodule;
				SWIFT_OPTIMIZATION_LEVEL = "-O";
				VALIDATE_PRODUCT = YES;
			};
			name = Release;
		};
		BDA288EB27BAC7C70019FA11 /* Debug */ = {
			isa = XCBuildConfiguration;
			baseConfigurationReference = DB46ECED83240FF82766C1FF /* Pods-LunarCalendar.debug.xcconfig */;
			buildSettings = {
				ASSETCATALOG_COMPILER_APPICON_NAME = AppIcon;
				ASSETCATALOG_COMPILER_GLOBAL_ACCENT_COLOR_NAME = AccentColor;
				CODE_SIGN_STYLE = Automatic;
				CURRENT_PROJECT_VERSION = 1;
				DEVELOPMENT_TEAM = YT86278469;
				GENERATE_INFOPLIST_FILE = YES;
				INFOPLIST_FILE = LunarCalendar/Info.plist;
				INFOPLIST_KEY_UIApplicationSupportsIndirectInputEvents = YES;
				INFOPLIST_KEY_UILaunchStoryboardName = LaunchScreen;
				INFOPLIST_KEY_UIMainStoryboardFile = Main;
				INFOPLIST_KEY_UISupportedInterfaceOrientations_iPad = "UIInterfaceOrientationPortrait UIInterfaceOrientationPortraitUpsideDown UIInterfaceOrientationLandscapeLeft UIInterfaceOrientationLandscapeRight";
				INFOPLIST_KEY_UISupportedInterfaceOrientations_iPhone = "UIInterfaceOrientationPortrait UIInterfaceOrientationLandscapeLeft UIInterfaceOrientationLandscapeRight";
				IPHONEOS_DEPLOYMENT_TARGET = 13.0;
				LD_RUNPATH_SEARCH_PATHS = (
					"$(inherited)",
					"@executable_path/Frameworks",
				);
				MARKETING_VERSION = 1.0;
				PRODUCT_BUNDLE_IDENTIFIER = com.yourcompany.LunarCalendar;
				PRODUCT_NAME = "$(TARGET_NAME)";
				SWIFT_EMIT_LOC_STRINGS = YES;
				SWIFT_VERSION = 5.0;
				TARGETED_DEVICE_FAMILY = 1;
			};
			name = Debug;
		};
		BDA288EC27BAC7C70019FA11 /* Release */ = {
			isa = XCBuildConfiguration;
			baseConfigurationReference = C42A9CE931C5BA4BBBC0DBF3 /* Pods-LunarCalendar.release.xcconfig */;
			buildSettings = {
				ASSETCATALOG_COMPILER_APPICON_NAME = AppIcon;
				ASSETCATALOG_COMPILER_GLOBAL_ACCENT_COLOR_NAME = AccentColor;
				CODE_SIGN_STYLE = Automatic;
				CURRENT_PROJECT_VERSION = 1;
				DEVELOPMENT_TEAM = YT86278469;
				GENERATE_INFOPLIST_FILE = YES;
				INFOPLIST_FILE = LunarCalendar/Info.plist;
				INFOPLIST_KEY_UIApplicationSupportsIndirectInputEvents = YES;
				INFOPLIST_KEY_UILaunchStoryboardName = LaunchScreen;
				INFOPLIST_KEY_UIMainStoryboardFile = Main;
				INFOPLIST_KEY_UISupportedInterfaceOrientations_iPad = "UIInterfaceOrientationPortrait UIInterfaceOrientationPortraitUpsideDown UIInterfaceOrientationLandscapeLeft UIInterfaceOrientationLandscapeRight";
				INFOPLIST_KEY_UISupportedInterfaceOrientations_iPhone = "UIInterfaceOrientationPortrait UIInterfaceOrientationLandscapeLeft UIInterfaceOrientationLandscapeRight";
				IPHONEOS_DEPLOYMENT_TARGET = 13.0;
				LD_RUNPATH_SEARCH_PATHS = (
					"$(inherited)",
					"@executable_path/Frameworks",
				);
				MARKETING_VERSION = 1.0;
				PRODUCT_BUNDLE_IDENTIFIER = com.yourcompany.LunarCalendar;
				PRODUCT_NAME = "$(TARGET_NAME)";
				SWIFT_EMIT_LOC_STRINGS = YES;
				SWIFT_VERSION = 5.0;
				TARGETED_DEVICE_FAMILY = 1;
			};
			name = Release;
		};
/* End XCBuildConfiguration section */

/* Begin XCConfigurationList section */
		BDA288D127BAC7C50019FA11 /* Build configuration list for PBXProject "LunarCalendar" */ = {
			isa = XCConfigurationList;
			buildConfigurations = (
				BDA288E827BAC7C70019FA11 /* Debug */,
				BDA288E927BAC7C70019FA11 /* Release */,
			);
			defaultConfigurationIsVisible = 0;
			defaultConfigurationName = Release;
		};
		BDA288EA27BAC7C70019FA11 /* Build configuration list for PBXNativeTarget "LunarCalendar" */ = {
			isa = XCConfigurationList;
			buildConfigurations = (
				BDA288EB27BAC7C70019FA11 /* Debug */,
				BDA288EC27BAC7C70019FA11 /* Release */,
			);
			defaultConfigurationIsVisible = 0;
			defaultConfigurationName = Release;
		};
/* End XCConfigurationList section */
	};
	rootObject = BDA288CE27BAC7C50019FA11 /* Project object */;
}
